
Microsoft Visual Studio Solution File, Format Version 12.00
# Visual Studio Version 16
VisualStudioVersion = 16.0.30907.101
MinimumVisualStudioVersion = 10.0.40219.1
Project("{FAE04EC0-301F-11D3-BF4B-00C04F79EFBC}") = "Testing2", "Testing2\Testing2.csproj", "{36F3938D-7774-45D0-85D6-83B12DBF93B0}"
EndProject
Global
	GlobalSection(SolutionConfigurationPlatforms) = preSolution
		Debug|Any CPU = Debug|Any CPU
		Release|Any CPU = Release|Any CPU
	EndGlobalSection
	GlobalSection(ProjectConfigurationPlatforms) = postSolution
		{36F3938D-7774-45D0-85D6-83B12DBF93B0}.Debug|Any CPU.ActiveCfg = Debug|Any CPU
		{36F3938D-7774-45D0-85D6-83B12DBF93B0}.Debug|Any CPU.Build.0 = Debug|Any CPU
		{36F3938D-7774-45D0-85D6-83B12DBF93B0}.Release|Any CPU.ActiveCfg = Release|Any CPU
		{36F3938D-7774-45D0-85D6-83B12DBF93B0}.Release|Any CPU.Build.0 = Release|Any CPU
	EndGlobalSection
	GlobalSection(SolutionProperties) = preSolution
		HideSolutionNode = FALSE
	EndGlobalSection
	GlobalSection(ExtensibilityGlobals) = postSolution
		SolutionGuid = {C1219AD5-3D1A-4C81-B9DC-8A2537D13FCE}
	EndGlobalSection
EndGlobal
